
Microsoft Visual Studio Solution File, Format Version 12.00
Project("{FAE04EC0-301F-11D3-BF4B-00C04F79EFBC}") = "Edge", "Edge\Edge.csproj", "{20664A54-3EB2-4A9D-A025-1AC642EA440F}"
EndProject
Project("{2150E333-8FDC-42A3-9474-1A3956D46DE8}") = "common", "common", "{89C60E77-B99F-42E7-8DA4-573AEF8D35A8}"
EndProject
Project("{2150E333-8FDC-42A3-9474-1A3956D46DE8}") = "config", "config", "{0ADDB6E6-7823-4F0B-B155-3C273963C699}"
EndProject
Project("{2150E333-8FDC-42A3-9474-1A3956D46DE8}") = "entities", "entities", "{26513178-FE49-46B4-BC08-3CB113E65F07}"
EndProject
Project("{2150E333-8FDC-42A3-9474-1A3956D46DE8}") = "vehicle-priority", "vehicle-priority", "{853DBCD5-44B7-4A60-A703-E1C6613E398A}"
EndProject
Project("{FAE04EC0-301F-11D3-BF4B-00C04F79EFBC}") = "Config", "config\Config\Config.csproj", "{42BC63E6-383B-4B8F-8175-5BBC4C4D35A7}"
EndProject
Project("{FAE04EC0-301F-11D3-BF4B-00C04F79EFBC}") = "Models.Entities", "entities\Models.Entities\Models.Entities.csproj", "{D4E88A41-6967-426B-890F-9BE993AA5107}"
EndProject
Project("{FAE04EC0-301F-11D3-BF4B-00C04F79EFBC}") = "Persistence.Common", "common\Persistence.Common\Persistence.Common.csproj", "{152CBD13-BF61-4C97-9AD0-B0B441574B0D}"
EndProject
Project("{FAE04EC0-301F-11D3-BF4B-00C04F79EFBC}") = "Extensions", "common\Extensions\Extensions.csproj", "{D6ACDE34-9869-455C-9AC9-E5B517270747}"
EndProject
Project("{FAE04EC0-301F-11D3-BF4B-00C04F79EFBC}") = "Messaging", "common\Messaging\Messaging.csproj", "{76F398D6-D3E0-46F9-8339-EA92FE2439D2}"
EndProject
Project("{FAE04EC0-301F-11D3-BF4B-00C04F79EFBC}") = "Monitoring", "common\Monitoring\Monitoring.csproj", "{A44045E4-5C3D-4871-A946-D06131B1AB8E}"
EndProject
Project("{FAE04EC0-301F-11D3-BF4B-00C04F79EFBC}") = "Model.VehiclePriority", "vehicle-priority\Model.VehiclePriority\Model.VehiclePriority.csproj", "{7E512280-F06A-4EE9-BFA9-06152F3ED64F}"
EndProject
Project("{FAE04EC0-301F-11D3-BF4B-00C04F79EFBC}") = "Repository.VehiclePriority", "vehicle-priority\Repository.VehiclePriority\Repository.VehiclePriority.csproj", "{390F9767-DCE9-49FF-AB2D-23B2AEDF41E9}"
EndProject
Project("{FAE04EC0-301F-11D3-BF4B-00C04F79EFBC}") = "Repository.SystemModeller", "vehicle-priority\Repository.SystemModeller\Repository.SystemModeller.csproj", "{9657BFA1-ACAA-4347-8A17-2AA08B3C26B1}"
EndProject
Project("{FAE04EC0-301F-11D3-BF4B-00C04F79EFBC}") = "Domain.VehiclePriority", "vehicle-priority\Domain.VehiclePriority\Domain.VehiclePriority.csproj", "{BC6832DF-A0E4-4B5E-AF25-3945304850DB}"
EndProject
Project("{FAE04EC0-301F-11D3-BF4B-00C04F79EFBC}") = "Helpers", "common\Helpers\Helpers.csproj", "{BD1F8774-FA80-42A3-93A1-EEAB1F274F22}"
EndProject
Project("{FAE04EC0-301F-11D3-BF4B-00C04F79EFBC}") = "Persistence.Mongo", "common\Persistence.Mongo\Persistence.Mongo.csproj", "{12A8C513-BDD5-4F20-9549-971451197E88}"
EndProject
Project("{FAE04EC0-301F-11D3-BF4B-00C04F79EFBC}") = "Domain.SystemModeller", "vehicle-priority\Domain.SystemModeller\Domain.SystemModeller.csproj", "{4FC117B1-0C0D-40D9-AF6E-34C79B4763E2}"
EndProject
Project("{FAE04EC0-301F-11D3-BF4B-00C04F79EFBC}") = "Authorization", "common\Authorization\Authorization.csproj", "{C61381E7-F669-4948-8DAD-654C1A58BFBE}"
EndProject
Project("{FAE04EC0-301F-11D3-BF4B-00C04F79EFBC}") = "Scheduler.Base", "common\Scheduler.Base\Scheduler.Base.csproj", "{4D9532E3-F584-4381-A4F7-25D099F8EB1C}"
EndProject
Project("{FAE04EC0-301F-11D3-BF4B-00C04F79EFBC}") = "Scheduler", "common\Scheduler\Scheduler.csproj", "{403E0EF7-880A-481F-A723-324B291874EA}"
EndProject
Project("{FAE04EC0-301F-11D3-BF4B-00C04F79EFBC}") = "Edge.TestServer", "Edge.TestServer\Edge.TestServer.csproj", "{D7B1D0CA-78F6-4432-9F77-2CEC636A0B3D}"
EndProject
Project("{FAE04EC0-301F-11D3-BF4B-00C04F79EFBC}") = "Domain.Detector", "Domain.Detector\Domain.Detector.csproj", "{0BEEB965-93EE-42A6-96B1-052E66B83F18}"
EndProject
Project("{2150E333-8FDC-42A3-9474-1A3956D46DE8}") = "asn1-j2735", "asn1-j2735", "{C67ED7BA-BF4D-4D71-B700-CFFE7C784DB8}"
EndProject
Project("{FAE04EC0-301F-11D3-BF4B-00C04F79EFBC}") = "Domain.Asn1.J2735", "asn1-j2735\Domain.Asn1.J2735\Domain.Asn1.J2735.csproj", "{6C717147-7FAA-49F2-8333-5418C19E5EA0}"
EndProject
Project("{FAE04EC0-301F-11D3-BF4B-00C04F79EFBC}") = "Asn1J2735", "asn1-j2735\Asn1J2735\Asn1J2735.csproj", "{C9BB8016-072E-4C19-BDC9-8A3861ECE75A}"
EndProject
Project("{FAE04EC0-301F-11D3-BF4B-00C04F79EFBC}") = "J2735.201603", "asn1-j2735\Econolite.J2735_201603\J2735.201603.csproj", "{A627EC57-2329-4D00-BABA-C9A8C8F3835F}"
EndProject
Project("{2150E333-8FDC-42A3-9474-1A3956D46DE8}") = "status", "status", "{063C9A1F-16E2-4C14-81AB-F79023241BBE}"
EndProject
Project("{2150E333-8FDC-42A3-9474-1A3956D46DE8}") = "rsu", "rsu", "{E2A94143-F1FD-48FB-B8C1-D758BBA02972}"
EndProject
Project("{FAE04EC0-301F-11D3-BF4B-00C04F79EFBC}") = "Status.Common", "status\Status.Common\Status.Common.csproj", "{07B6AA0A-3AD0-492F-87C3-5A5A0C1618C2}"
EndProject
Project("{FAE04EC0-301F-11D3-BF4B-00C04F79EFBC}") = "Status.Common.Messaging", "status\Status.Common.Messaging\Status.Common.Messaging.csproj", "{24DCCDED-B1B6-4F2C-8187-FD1701C51E19}"
EndProject
Project("{FAE04EC0-301F-11D3-BF4B-00C04F79EFBC}") = "Status.Rsu", "status\Status.Rsu\Status.Rsu.csproj", "{2C2EB584-833A-456A-825E-07BA234E82FE}"
EndProject
Project("{FAE04EC0-301F-11D3-BF4B-00C04F79EFBC}") = "Status.Rsu.Messaging", "status\Status.Rsu.Messaging\Status.Rsu.Messaging.csproj", "{1AF46895-87DD-4C55-B510-52AF837F1BB3}"
EndProject
Project("{FAE04EC0-301F-11D3-BF4B-00C04F79EFBC}") = "Models.Rsu", "rsu\Models.Rsu\Models.Rsu.csproj", "{938C716C-0609-47D9-90A1-0DE5E012FE70}"
EndProject
Project("{FAE04EC0-301F-11D3-BF4B-00C04F79EFBC}") = "Domain.Rsu", "rsu\Domain.Rsu\Domain.Rsu.csproj", "{A03695DC-292E-4660-BE8A-3CEE0DBC3C2E}"
EndProject
Project("{FAE04EC0-301F-11D3-BF4B-00C04F79EFBC}") = "Domain.Entities", "entities\Domain.Entities\Domain.Entities.csproj", "{1FCA9905-4ADA-450A-AEC7-D9A3C69E2085}"
EndProject
Project("{FAE04EC0-301F-11D3-BF4B-00C04F79EFBC}") = "Repository.Rsu", "rsu\Repository.Rsu\Repository.Rsu.csproj", "{F3E64CD2-BBC2-4579-BA6A-BD98B1ED39FC}"
EndProject
Project("{FAE04EC0-301F-11D3-BF4B-00C04F79EFBC}") = "Repository.Entities", "entities\Repository.Entities\Repository.Entities.csproj", "{8A3005D9-8815-459D-BF95-22A3DFFBECBD}"
EndProject
Project("{FAE04EC0-301F-11D3-BF4B-00C04F79EFBC}") = "Snmp.Rsu", "rsu\Snmp.Rsu\Snmp.Rsu.csproj", "{293BCEC1-8B90-4270-8A29-EDEE04B7DF6A}"
EndProject
Global
	GlobalSection(SolutionConfigurationPlatforms) = preSolution
		Debug|Any CPU = Debug|Any CPU
		Release|Any CPU = Release|Any CPU
	EndGlobalSection
	GlobalSection(ProjectConfigurationPlatforms) = postSolution
		{20664A54-3EB2-4A9D-A025-1AC642EA440F}.Debug|Any CPU.ActiveCfg = Debug|Any CPU
		{20664A54-3EB2-4A9D-A025-1AC642EA440F}.Debug|Any CPU.Build.0 = Debug|Any CPU
		{20664A54-3EB2-4A9D-A025-1AC642EA440F}.Release|Any CPU.ActiveCfg = Release|Any CPU
		{20664A54-3EB2-4A9D-A025-1AC642EA440F}.Release|Any CPU.Build.0 = Release|Any CPU
		{42BC63E6-383B-4B8F-8175-5BBC4C4D35A7}.Debug|Any CPU.ActiveCfg = Debug|Any CPU
		{42BC63E6-383B-4B8F-8175-5BBC4C4D35A7}.Debug|Any CPU.Build.0 = Debug|Any CPU
		{42BC63E6-383B-4B8F-8175-5BBC4C4D35A7}.Release|Any CPU.ActiveCfg = Release|Any CPU
		{42BC63E6-383B-4B8F-8175-5BBC4C4D35A7}.Release|Any CPU.Build.0 = Release|Any CPU
		{D4E88A41-6967-426B-890F-9BE993AA5107}.Debug|Any CPU.ActiveCfg = Debug|Any CPU
		{D4E88A41-6967-426B-890F-9BE993AA5107}.Debug|Any CPU.Build.0 = Debug|Any CPU
		{D4E88A41-6967-426B-890F-9BE993AA5107}.Release|Any CPU.ActiveCfg = Release|Any CPU
		{D4E88A41-6967-426B-890F-9BE993AA5107}.Release|Any CPU.Build.0 = Release|Any CPU
		{152CBD13-BF61-4C97-9AD0-B0B441574B0D}.Debug|Any CPU.ActiveCfg = Debug|Any CPU
		{152CBD13-BF61-4C97-9AD0-B0B441574B0D}.Debug|Any CPU.Build.0 = Debug|Any CPU
		{152CBD13-BF61-4C97-9AD0-B0B441574B0D}.Release|Any CPU.ActiveCfg = Release|Any CPU
		{152CBD13-BF61-4C97-9AD0-B0B441574B0D}.Release|Any CPU.Build.0 = Release|Any CPU
		{D6ACDE34-9869-455C-9AC9-E5B517270747}.Debug|Any CPU.ActiveCfg = Debug|Any CPU
		{D6ACDE34-9869-455C-9AC9-E5B517270747}.Debug|Any CPU.Build.0 = Debug|Any CPU
		{D6ACDE34-9869-455C-9AC9-E5B517270747}.Release|Any CPU.ActiveCfg = Release|Any CPU
		{D6ACDE34-9869-455C-9AC9-E5B517270747}.Release|Any CPU.Build.0 = Release|Any CPU
		{76F398D6-D3E0-46F9-8339-EA92FE2439D2}.Debug|Any CPU.ActiveCfg = Debug|Any CPU
		{76F398D6-D3E0-46F9-8339-EA92FE2439D2}.Debug|Any CPU.Build.0 = Debug|Any CPU
		{76F398D6-D3E0-46F9-8339-EA92FE2439D2}.Release|Any CPU.ActiveCfg = Release|Any CPU
		{76F398D6-D3E0-46F9-8339-EA92FE2439D2}.Release|Any CPU.Build.0 = Release|Any CPU
		{A44045E4-5C3D-4871-A946-D06131B1AB8E}.Debug|Any CPU.ActiveCfg = Debug|Any CPU
		{A44045E4-5C3D-4871-A946-D06131B1AB8E}.Debug|Any CPU.Build.0 = Debug|Any CPU
		{A44045E4-5C3D-4871-A946-D06131B1AB8E}.Release|Any CPU.ActiveCfg = Release|Any CPU
		{A44045E4-5C3D-4871-A946-D06131B1AB8E}.Release|Any CPU.Build.0 = Release|Any CPU
		{7E512280-F06A-4EE9-BFA9-06152F3ED64F}.Debug|Any CPU.ActiveCfg = Debug|Any CPU
		{7E512280-F06A-4EE9-BFA9-06152F3ED64F}.Debug|Any CPU.Build.0 = Debug|Any CPU
		{7E512280-F06A-4EE9-BFA9-06152F3ED64F}.Release|Any CPU.ActiveCfg = Release|Any CPU
		{7E512280-F06A-4EE9-BFA9-06152F3ED64F}.Release|Any CPU.Build.0 = Release|Any CPU
		{390F9767-DCE9-49FF-AB2D-23B2AEDF41E9}.Debug|Any CPU.ActiveCfg = Debug|Any CPU
		{390F9767-DCE9-49FF-AB2D-23B2AEDF41E9}.Debug|Any CPU.Build.0 = Debug|Any CPU
		{390F9767-DCE9-49FF-AB2D-23B2AEDF41E9}.Release|Any CPU.ActiveCfg = Release|Any CPU
		{390F9767-DCE9-49FF-AB2D-23B2AEDF41E9}.Release|Any CPU.Build.0 = Release|Any CPU
		{9657BFA1-ACAA-4347-8A17-2AA08B3C26B1}.Debug|Any CPU.ActiveCfg = Debug|Any CPU
		{9657BFA1-ACAA-4347-8A17-2AA08B3C26B1}.Debug|Any CPU.Build.0 = Debug|Any CPU
		{9657BFA1-ACAA-4347-8A17-2AA08B3C26B1}.Release|Any CPU.ActiveCfg = Release|Any CPU
		{9657BFA1-ACAA-4347-8A17-2AA08B3C26B1}.Release|Any CPU.Build.0 = Release|Any CPU
		{BC6832DF-A0E4-4B5E-AF25-3945304850DB}.Debug|Any CPU.ActiveCfg = Debug|Any CPU
		{BC6832DF-A0E4-4B5E-AF25-3945304850DB}.Debug|Any CPU.Build.0 = Debug|Any CPU
		{BC6832DF-A0E4-4B5E-AF25-3945304850DB}.Release|Any CPU.ActiveCfg = Release|Any CPU
		{BC6832DF-A0E4-4B5E-AF25-3945304850DB}.Release|Any CPU.Build.0 = Release|Any CPU
		{BD1F8774-FA80-42A3-93A1-EEAB1F274F22}.Debug|Any CPU.ActiveCfg = Debug|Any CPU
		{BD1F8774-FA80-42A3-93A1-EEAB1F274F22}.Debug|Any CPU.Build.0 = Debug|Any CPU
		{BD1F8774-FA80-42A3-93A1-EEAB1F274F22}.Release|Any CPU.ActiveCfg = Release|Any CPU
		{BD1F8774-FA80-42A3-93A1-EEAB1F274F22}.Release|Any CPU.Build.0 = Release|Any CPU
		{12A8C513-BDD5-4F20-9549-971451197E88}.Debug|Any CPU.ActiveCfg = Debug|Any CPU
		{12A8C513-BDD5-4F20-9549-971451197E88}.Debug|Any CPU.Build.0 = Debug|Any CPU
		{12A8C513-BDD5-4F20-9549-971451197E88}.Release|Any CPU.ActiveCfg = Release|Any CPU
		{12A8C513-BDD5-4F20-9549-971451197E88}.Release|Any CPU.Build.0 = Release|Any CPU
		{4FC117B1-0C0D-40D9-AF6E-34C79B4763E2}.Debug|Any CPU.ActiveCfg = Debug|Any CPU
		{4FC117B1-0C0D-40D9-AF6E-34C79B4763E2}.Debug|Any CPU.Build.0 = Debug|Any CPU
		{4FC117B1-0C0D-40D9-AF6E-34C79B4763E2}.Release|Any CPU.ActiveCfg = Release|Any CPU
		{4FC117B1-0C0D-40D9-AF6E-34C79B4763E2}.Release|Any CPU.Build.0 = Release|Any CPU
		{C61381E7-F669-4948-8DAD-654C1A58BFBE}.Debug|Any CPU.ActiveCfg = Debug|Any CPU
		{C61381E7-F669-4948-8DAD-654C1A58BFBE}.Debug|Any CPU.Build.0 = Debug|Any CPU
		{C61381E7-F669-4948-8DAD-654C1A58BFBE}.Release|Any CPU.ActiveCfg = Release|Any CPU
		{C61381E7-F669-4948-8DAD-654C1A58BFBE}.Release|Any CPU.Build.0 = Release|Any CPU
		{4D9532E3-F584-4381-A4F7-25D099F8EB1C}.Debug|Any CPU.ActiveCfg = Debug|Any CPU
		{4D9532E3-F584-4381-A4F7-25D099F8EB1C}.Debug|Any CPU.Build.0 = Debug|Any CPU
		{4D9532E3-F584-4381-A4F7-25D099F8EB1C}.Release|Any CPU.ActiveCfg = Release|Any CPU
		{4D9532E3-F584-4381-A4F7-25D099F8EB1C}.Release|Any CPU.Build.0 = Release|Any CPU
		{403E0EF7-880A-481F-A723-324B291874EA}.Debug|Any CPU.ActiveCfg = Debug|Any CPU
		{403E0EF7-880A-481F-A723-324B291874EA}.Debug|Any CPU.Build.0 = Debug|Any CPU
		{403E0EF7-880A-481F-A723-324B291874EA}.Release|Any CPU.ActiveCfg = Release|Any CPU
		{403E0EF7-880A-481F-A723-324B291874EA}.Release|Any CPU.Build.0 = Release|Any CPU
		{D7B1D0CA-78F6-4432-9F77-2CEC636A0B3D}.Debug|Any CPU.ActiveCfg = Debug|Any CPU
		{D7B1D0CA-78F6-4432-9F77-2CEC636A0B3D}.Debug|Any CPU.Build.0 = Debug|Any CPU
		{D7B1D0CA-78F6-4432-9F77-2CEC636A0B3D}.Release|Any CPU.ActiveCfg = Release|Any CPU
		{D7B1D0CA-78F6-4432-9F77-2CEC636A0B3D}.Release|Any CPU.Build.0 = Release|Any CPU
		{0BEEB965-93EE-42A6-96B1-052E66B83F18}.Debug|Any CPU.ActiveCfg = Debug|Any CPU
		{0BEEB965-93EE-42A6-96B1-052E66B83F18}.Debug|Any CPU.Build.0 = Debug|Any CPU
		{0BEEB965-93EE-42A6-96B1-052E66B83F18}.Release|Any CPU.ActiveCfg = Release|Any CPU
		{0BEEB965-93EE-42A6-96B1-052E66B83F18}.Release|Any CPU.Build.0 = Release|Any CPU
		{6C717147-7FAA-49F2-8333-5418C19E5EA0}.Debug|Any CPU.ActiveCfg = Debug|Any CPU
		{6C717147-7FAA-49F2-8333-5418C19E5EA0}.Debug|Any CPU.Build.0 = Debug|Any CPU
		{6C717147-7FAA-49F2-8333-5418C19E5EA0}.Release|Any CPU.ActiveCfg = Release|Any CPU
		{6C717147-7FAA-49F2-8333-5418C19E5EA0}.Release|Any CPU.Build.0 = Release|Any CPU
		{C9BB8016-072E-4C19-BDC9-8A3861ECE75A}.Debug|Any CPU.ActiveCfg = Debug|Any CPU
		{C9BB8016-072E-4C19-BDC9-8A3861ECE75A}.Debug|Any CPU.Build.0 = Debug|Any CPU
		{C9BB8016-072E-4C19-BDC9-8A3861ECE75A}.Release|Any CPU.ActiveCfg = Release|Any CPU
		{C9BB8016-072E-4C19-BDC9-8A3861ECE75A}.Release|Any CPU.Build.0 = Release|Any CPU
		{A627EC57-2329-4D00-BABA-C9A8C8F3835F}.Debug|Any CPU.ActiveCfg = Debug|Any CPU
		{A627EC57-2329-4D00-BABA-C9A8C8F3835F}.Debug|Any CPU.Build.0 = Debug|Any CPU
		{A627EC57-2329-4D00-BABA-C9A8C8F3835F}.Release|Any CPU.ActiveCfg = Release|Any CPU
		{A627EC57-2329-4D00-BABA-C9A8C8F3835F}.Release|Any CPU.Build.0 = Release|Any CPU
		{07B6AA0A-3AD0-492F-87C3-5A5A0C1618C2}.Debug|Any CPU.ActiveCfg = Debug|Any CPU
		{07B6AA0A-3AD0-492F-87C3-5A5A0C1618C2}.Debug|Any CPU.Build.0 = Debug|Any CPU
		{07B6AA0A-3AD0-492F-87C3-5A5A0C1618C2}.Release|Any CPU.ActiveCfg = Release|Any CPU
		{07B6AA0A-3AD0-492F-87C3-5A5A0C1618C2}.Release|Any CPU.Build.0 = Release|Any CPU
		{24DCCDED-B1B6-4F2C-8187-FD1701C51E19}.Debug|Any CPU.ActiveCfg = Debug|Any CPU
		{24DCCDED-B1B6-4F2C-8187-FD1701C51E19}.Debug|Any CPU.Build.0 = Debug|Any CPU
		{24DCCDED-B1B6-4F2C-8187-FD1701C51E19}.Release|Any CPU.ActiveCfg = Release|Any CPU
		{24DCCDED-B1B6-4F2C-8187-FD1701C51E19}.Release|Any CPU.Build.0 = Release|Any CPU
		{2C2EB584-833A-456A-825E-07BA234E82FE}.Debug|Any CPU.ActiveCfg = Debug|Any CPU
		{2C2EB584-833A-456A-825E-07BA234E82FE}.Debug|Any CPU.Build.0 = Debug|Any CPU
		{2C2EB584-833A-456A-825E-07BA234E82FE}.Release|Any CPU.ActiveCfg = Release|Any CPU
		{2C2EB584-833A-456A-825E-07BA234E82FE}.Release|Any CPU.Build.0 = Release|Any CPU
		{1AF46895-87DD-4C55-B510-52AF837F1BB3}.Debug|Any CPU.ActiveCfg = Debug|Any CPU
		{1AF46895-87DD-4C55-B510-52AF837F1BB3}.Debug|Any CPU.Build.0 = Debug|Any CPU
		{1AF46895-87DD-4C55-B510-52AF837F1BB3}.Release|Any CPU.ActiveCfg = Release|Any CPU
		{1AF46895-87DD-4C55-B510-52AF837F1BB3}.Release|Any CPU.Build.0 = Release|Any CPU
		{938C716C-0609-47D9-90A1-0DE5E012FE70}.Debug|Any CPU.ActiveCfg = Debug|Any CPU
		{938C716C-0609-47D9-90A1-0DE5E012FE70}.Debug|Any CPU.Build.0 = Debug|Any CPU
		{938C716C-0609-47D9-90A1-0DE5E012FE70}.Release|Any CPU.ActiveCfg = Release|Any CPU
		{938C716C-0609-47D9-90A1-0DE5E012FE70}.Release|Any CPU.Build.0 = Release|Any CPU
		{A03695DC-292E-4660-BE8A-3CEE0DBC3C2E}.Debug|Any CPU.ActiveCfg = Debug|Any CPU
		{A03695DC-292E-4660-BE8A-3CEE0DBC3C2E}.Debug|Any CPU.Build.0 = Debug|Any CPU
		{A03695DC-292E-4660-BE8A-3CEE0DBC3C2E}.Release|Any CPU.ActiveCfg = Release|Any CPU
		{A03695DC-292E-4660-BE8A-3CEE0DBC3C2E}.Release|Any CPU.Build.0 = Release|Any CPU
		{1FCA9905-4ADA-450A-AEC7-D9A3C69E2085}.Debug|Any CPU.ActiveCfg = Debug|Any CPU
		{1FCA9905-4ADA-450A-AEC7-D9A3C69E2085}.Debug|Any CPU.Build.0 = Debug|Any CPU
		{1FCA9905-4ADA-450A-AEC7-D9A3C69E2085}.Release|Any CPU.ActiveCfg = Release|Any CPU
		{1FCA9905-4ADA-450A-AEC7-D9A3C69E2085}.Release|Any CPU.Build.0 = Release|Any CPU
		{F3E64CD2-BBC2-4579-BA6A-BD98B1ED39FC}.Debug|Any CPU.ActiveCfg = Debug|Any CPU
		{F3E64CD2-BBC2-4579-BA6A-BD98B1ED39FC}.Debug|Any CPU.Build.0 = Debug|Any CPU
		{F3E64CD2-BBC2-4579-BA6A-BD98B1ED39FC}.Release|Any CPU.ActiveCfg = Release|Any CPU
		{F3E64CD2-BBC2-4579-BA6A-BD98B1ED39FC}.Release|Any CPU.Build.0 = Release|Any CPU
		{8A3005D9-8815-459D-BF95-22A3DFFBECBD}.Debug|Any CPU.ActiveCfg = Debug|Any CPU
		{8A3005D9-8815-459D-BF95-22A3DFFBECBD}.Debug|Any CPU.Build.0 = Debug|Any CPU
		{8A3005D9-8815-459D-BF95-22A3DFFBECBD}.Release|Any CPU.ActiveCfg = Release|Any CPU
		{8A3005D9-8815-459D-BF95-22A3DFFBECBD}.Release|Any CPU.Build.0 = Release|Any CPU
		{293BCEC1-8B90-4270-8A29-EDEE04B7DF6A}.Debug|Any CPU.ActiveCfg = Debug|Any CPU
		{293BCEC1-8B90-4270-8A29-EDEE04B7DF6A}.Debug|Any CPU.Build.0 = Debug|Any CPU
		{293BCEC1-8B90-4270-8A29-EDEE04B7DF6A}.Release|Any CPU.ActiveCfg = Release|Any CPU
		{293BCEC1-8B90-4270-8A29-EDEE04B7DF6A}.Release|Any CPU.Build.0 = Release|Any CPU
	EndGlobalSection
	GlobalSection(NestedProjects) = preSolution
		{42BC63E6-383B-4B8F-8175-5BBC4C4D35A7} = {0ADDB6E6-7823-4F0B-B155-3C273963C699}
		{D4E88A41-6967-426B-890F-9BE993AA5107} = {26513178-FE49-46B4-BC08-3CB113E65F07}
		{152CBD13-BF61-4C97-9AD0-B0B441574B0D} = {89C60E77-B99F-42E7-8DA4-573AEF8D35A8}
		{D6ACDE34-9869-455C-9AC9-E5B517270747} = {89C60E77-B99F-42E7-8DA4-573AEF8D35A8}
		{76F398D6-D3E0-46F9-8339-EA92FE2439D2} = {89C60E77-B99F-42E7-8DA4-573AEF8D35A8}
		{A44045E4-5C3D-4871-A946-D06131B1AB8E} = {89C60E77-B99F-42E7-8DA4-573AEF8D35A8}
		{7E512280-F06A-4EE9-BFA9-06152F3ED64F} = {853DBCD5-44B7-4A60-A703-E1C6613E398A}
		{390F9767-DCE9-49FF-AB2D-23B2AEDF41E9} = {853DBCD5-44B7-4A60-A703-E1C6613E398A}
		{9657BFA1-ACAA-4347-8A17-2AA08B3C26B1} = {853DBCD5-44B7-4A60-A703-E1C6613E398A}
		{BC6832DF-A0E4-4B5E-AF25-3945304850DB} = {853DBCD5-44B7-4A60-A703-E1C6613E398A}
		{BD1F8774-FA80-42A3-93A1-EEAB1F274F22} = {89C60E77-B99F-42E7-8DA4-573AEF8D35A8}
		{12A8C513-BDD5-4F20-9549-971451197E88} = {89C60E77-B99F-42E7-8DA4-573AEF8D35A8}
		{4FC117B1-0C0D-40D9-AF6E-34C79B4763E2} = {853DBCD5-44B7-4A60-A703-E1C6613E398A}
		{C61381E7-F669-4948-8DAD-654C1A58BFBE} = {89C60E77-B99F-42E7-8DA4-573AEF8D35A8}
		{4D9532E3-F584-4381-A4F7-25D099F8EB1C} = {89C60E77-B99F-42E7-8DA4-573AEF8D35A8}
		{403E0EF7-880A-481F-A723-324B291874EA} = {89C60E77-B99F-42E7-8DA4-573AEF8D35A8}
		{6C717147-7FAA-49F2-8333-5418C19E5EA0} = {C67ED7BA-BF4D-4D71-B700-CFFE7C784DB8}
		{C9BB8016-072E-4C19-BDC9-8A3861ECE75A} = {C67ED7BA-BF4D-4D71-B700-CFFE7C784DB8}
		{A627EC57-2329-4D00-BABA-C9A8C8F3835F} = {C67ED7BA-BF4D-4D71-B700-CFFE7C784DB8}
		{07B6AA0A-3AD0-492F-87C3-5A5A0C1618C2} = {063C9A1F-16E2-4C14-81AB-F79023241BBE}
		{24DCCDED-B1B6-4F2C-8187-FD1701C51E19} = {063C9A1F-16E2-4C14-81AB-F79023241BBE}
		{2C2EB584-833A-456A-825E-07BA234E82FE} = {063C9A1F-16E2-4C14-81AB-F79023241BBE}
		{1AF46895-87DD-4C55-B510-52AF837F1BB3} = {063C9A1F-16E2-4C14-81AB-F79023241BBE}
		{938C716C-0609-47D9-90A1-0DE5E012FE70} = {E2A94143-F1FD-48FB-B8C1-D758BBA02972}
		{A03695DC-292E-4660-BE8A-3CEE0DBC3C2E} = {E2A94143-F1FD-48FB-B8C1-D758BBA02972}
		{1FCA9905-4ADA-450A-AEC7-D9A3C69E2085} = {26513178-FE49-46B4-BC08-3CB113E65F07}
		{F3E64CD2-BBC2-4579-BA6A-BD98B1ED39FC} = {E2A94143-F1FD-48FB-B8C1-D758BBA02972}
		{8A3005D9-8815-459D-BF95-22A3DFFBECBD} = {26513178-FE49-46B4-BC08-3CB113E65F07}
		{293BCEC1-8B90-4270-8A29-EDEE04B7DF6A} = {E2A94143-F1FD-48FB-B8C1-D758BBA02972}
	EndGlobalSection
EndGlobal
